{
  "name": "@worker-tools/stripe-webhook",
  "version": "1.1.3",
  "lockfileVersion": 2,
  "requires": true,
  "packages": {
    "": {
      "name": "@worker-tools/stripe-webhook",
      "version": "1.1.3",
      "license": "MIT",
      "dependencies": {
        "typed-array-utils": "^0.1.0"
      },
      "devDependencies": {
        "typescript": "^4.0.3"
      }
    },
    "node_modules/typed-array-utils": {
      "version": "0.1.0",
      "resolved": "https://registry.npmjs.org/typed-array-utils/-/typed-array-utils-0.1.0.tgz",
      "integrity": "sha512-vktjDuUmM4d1M751wxN9Tss3oMpcNjuPeC8RMdlz9RXAV87HlDBsNtLCnCA7SO/4eQTImZ7fwdR3kvEu1u28XQ==",
      "license": "MIT"
    },
    "node_modules/typescript": {
      "version": "4.0.3",
      "resolved": "https://registry.npmjs.org/typescript/-/typescript-4.0.3.tgz",
      "integrity": "sha512-tEu6DGxGgRJPb/mVPIZ48e69xCn2yRmCgYmDugAVwmJ6o+0u1RI18eO7E7WBTLYLaEVVOhwQmcdhQHweux/WPg==",
      "dev": true
    }
  },
  "dependencies": {
    "typed-array-utils": {
      "version": "0.1.0",
      "resolved": "https://registry.npmjs.org/typed-array-utils/-/typed-array-utils-0.1.0.tgz",
      "integrity": "sha512-vktjDuUmM4d1M751wxN9Tss3oMpcNjuPeC8RMdlz9RXAV87HlDBsNtLCnCA7SO/4eQTImZ7fwdR3kvEu1u28XQ=="
    },
    "typescript": {
      "version": "4.0.3",
      "resolved": "https://registry.npmjs.org/typescript/-/typescript-4.0.3.tgz",
      "integrity": "sha512-tEu6DGxGgRJPb/mVPIZ48e69xCn2yRmCgYmDugAVwmJ6o+0u1RI18eO7E7WBTLYLaEVVOhwQmcdhQHweux/WPg==",
      "dev": true
    }
  }
}
